
Microsoft Visual Studio Solution File, Format Version 12.00
# Visual Studio Version 16
VisualStudioVersion = 16.0.30611.23
MinimumVisualStudioVersion = 10.0.40219.1
Project("{FAE04EC0-301F-11D3-BF4B-00C04F79EFBC}") = "Backups_aka_Lab4", "Backups_aka_Lab4\Backups_aka_Lab4.csproj", "{978967F7-FE87-4AD3-9A25-395A7793E832}"
EndProject
Global
	GlobalSection(SolutionConfigurationPlatforms) = preSolution
		Debug|Any CPU = Debug|Any CPU
		Release|Any CPU = Release|Any CPU
	EndGlobalSection
	GlobalSection(ProjectConfigurationPlatforms) = postSolution
		{978967F7-FE87-4AD3-9A25-395A7793E832}.Debug|Any CPU.ActiveCfg = Debug|Any CPU
		{978967F7-FE87-4AD3-9A25-395A7793E832}.Debug|Any CPU.Build.0 = Debug|Any CPU
		{978967F7-FE87-4AD3-9A25-395A7793E832}.Release|Any CPU.ActiveCfg = Release|Any CPU
		{978967F7-FE87-4AD3-9A25-395A7793E832}.Release|Any CPU.Build.0 = Release|Any CPU
	EndGlobalSection
	GlobalSection(SolutionProperties) = preSolution
		HideSolutionNode = FALSE
	EndGlobalSection
	GlobalSection(ExtensibilityGlobals) = postSolution
		SolutionGuid = {C10BBAD3-702E-4BC8-8AE9-AE04D4E0C586}
	EndGlobalSection
EndGlobal
